
Microsoft Visual Studio Solution File, Format Version 12.00
# Visual Studio Version 17
VisualStudioVersion = 17.4.33122.133
MinimumVisualStudioVersion = 10.0.40219.1
Project("{FAE04EC0-301F-11D3-BF4B-00C04F79EFBC}") = "Computer", "Computer.csproj", "{DD78AA93-5917-4708-AB20-E03B5B889A81}"
EndProject
Global
	GlobalSection(SolutionConfigurationPlatforms) = preSolution
		Debug|Any CPU = Debug|Any CPU
		Release|Any CPU = Release|Any CPU
	EndGlobalSection
	GlobalSection(ProjectConfigurationPlatforms) = postSolution
		{DD78AA93-5917-4708-AB20-E03B5B889A81}.Debug|Any CPU.ActiveCfg = Debug|Any CPU
		{DD78AA93-5917-4708-AB20-E03B5B889A81}.Debug|Any CPU.Build.0 = Debug|Any CPU
		{DD78AA93-5917-4708-AB20-E03B5B889A81}.Release|Any CPU.ActiveCfg = Release|Any CPU
		{DD78AA93-5917-4708-AB20-E03B5B889A81}.Release|Any CPU.Build.0 = Release|Any CPU
	EndGlobalSection
	GlobalSection(SolutionProperties) = preSolution
		HideSolutionNode = FALSE
	EndGlobalSection
	GlobalSection(ExtensibilityGlobals) = postSolution
		SolutionGuid = {97EADB9B-0254-452F-AC3F-3E2D3E7A4802}
	EndGlobalSection
EndGlobal
